
Microsoft Visual Studio Solution File, Format Version 12.00
# Visual Studio 15
VisualStudioVersion = 15.0.26730.16
MinimumVisualStudioVersion = 10.0.40219.1
Project("{FAE04EC0-301F-11D3-BF4B-00C04F79EFBC}") = "SelfHostedBackgroundService", "SelfHostedBackgroundService\SelfHostedBackgroundService.csproj", "{A604F2CD-2D6A-4370-8169-AA0C26C7E642}"
EndProject
Project("{E53339B2-1760-4266-BCC7-CA923CBCF16C}") = "docker-compose", "docker-compose.dcproj", "{0206E611-0A77-416C-856E-5651A1525766}"
EndProject
Project("{9A19103F-16F7-4668-BE54-9A1E7A4F7556}") = "BackgroundHostedServices", "BackgroundHostedServices\BackgroundHostedServices.csproj", "{BA43E940-10E6-472A-B48A-F35FA8E76D7D}"
EndProject
Global
	GlobalSection(SolutionConfigurationPlatforms) = preSolution
		Debug|Any CPU = Debug|Any CPU
		Release|Any CPU = Release|Any CPU
	EndGlobalSection
	GlobalSection(ProjectConfigurationPlatforms) = postSolution
		{A604F2CD-2D6A-4370-8169-AA0C26C7E642}.Debug|Any CPU.ActiveCfg = Debug|Any CPU
		{A604F2CD-2D6A-4370-8169-AA0C26C7E642}.Debug|Any CPU.Build.0 = Debug|Any CPU
		{A604F2CD-2D6A-4370-8169-AA0C26C7E642}.Release|Any CPU.ActiveCfg = Release|Any CPU
		{A604F2CD-2D6A-4370-8169-AA0C26C7E642}.Release|Any CPU.Build.0 = Release|Any CPU
		{0206E611-0A77-416C-856E-5651A1525766}.Debug|Any CPU.ActiveCfg = Debug|Any CPU
		{0206E611-0A77-416C-856E-5651A1525766}.Debug|Any CPU.Build.0 = Debug|Any CPU
		{0206E611-0A77-416C-856E-5651A1525766}.Release|Any CPU.ActiveCfg = Release|Any CPU
		{0206E611-0A77-416C-856E-5651A1525766}.Release|Any CPU.Build.0 = Release|Any CPU
		{BA43E940-10E6-472A-B48A-F35FA8E76D7D}.Debug|Any CPU.ActiveCfg = Debug|Any CPU
		{BA43E940-10E6-472A-B48A-F35FA8E76D7D}.Debug|Any CPU.Build.0 = Debug|Any CPU
		{BA43E940-10E6-472A-B48A-F35FA8E76D7D}.Release|Any CPU.ActiveCfg = Release|Any CPU
		{BA43E940-10E6-472A-B48A-F35FA8E76D7D}.Release|Any CPU.Build.0 = Release|Any CPU
	EndGlobalSection
	GlobalSection(SolutionProperties) = preSolution
		HideSolutionNode = FALSE
	EndGlobalSection
	GlobalSection(ExtensibilityGlobals) = postSolution
		SolutionGuid = {BC7ED693-25BB-43F8-9E36-24392F6F1E03}
	EndGlobalSection
EndGlobal
